
Microsoft Visual Studio Solution File, Format Version 12.00
# Visual Studio Version 17
VisualStudioVersion = 17.9.34902.65
MinimumVisualStudioVersion = 10.0.40219.1
Project("{FAE04EC0-301F-11D3-BF4B-00C04F79EFBC}") = "WeatherApp", "src\WeatherApp\WeatherApp.csproj", "{A1F45F9F-BC9B-4644-B0E2-D388BCEB8BF6}"
EndProject
Global
	GlobalSection(SolutionConfigurationPlatforms) = preSolution
		Debug|Any CPU = Debug|Any CPU
		Release|Any CPU = Release|Any CPU
	EndGlobalSection
	GlobalSection(ProjectConfigurationPlatforms) = postSolution
		{A1F45F9F-BC9B-4644-B0E2-D388BCEB8BF6}.Debug|Any CPU.ActiveCfg = Debug|Any CPU
		{A1F45F9F-BC9B-4644-B0E2-D388BCEB8BF6}.Debug|Any CPU.Build.0 = Debug|Any CPU
		{A1F45F9F-BC9B-4644-B0E2-D388BCEB8BF6}.Release|Any CPU.ActiveCfg = Release|Any CPU
		{A1F45F9F-BC9B-4644-B0E2-D388BCEB8BF6}.Release|Any CPU.Build.0 = Release|Any CPU
	EndGlobalSection
	GlobalSection(SolutionProperties) = preSolution
		HideSolutionNode = FALSE
	EndGlobalSection
	GlobalSection(ExtensibilityGlobals) = postSolution
		SolutionGuid = {1329F886-D623-45D8-887B-A106E1A26E7C}
	EndGlobalSection
EndGlobal
